{
    "_readme": [
        "This file locks the dependencies of your project to a known state",
        "Read more about it at http://getcomposer.org/doc/01-basic-usage.md#composer-lock-the-lock-file"
    ],
    "hash": "dd8d61be5fcc43d344f1ca956bbdc87a",
    "packages": [
        {
            "name": "composer/installers",
            "version": "dev-master",
            "source": {
                "type": "git",
                "url": "https://github.com/composer/installers.git",
                "reference": "eb9b5b6f59fbaaa6aa7c8fabd2d66e60f376eaa2"
            },
            "dist": {
                "type": "zip",
                "url": "https://api.github.com/repos/composer/installers/zipball/eb9b5b6f59fbaaa6aa7c8fabd2d66e60f376eaa2",
                "reference": "eb9b5b6f59fbaaa6aa7c8fabd2d66e60f376eaa2",
                "shasum": ""
            },
            "replace": {
                "roundcube/plugin-installer": "*",
                "shama/baton": "*"
            },
            "require-dev": {
                "composer/composer": "1.0.*@dev",
                "phpunit/phpunit": "3.7.*"
            },
            "type": "composer-installer",
            "extra": {
                "class": "Composer\\Installers\\Installer",
                "branch-alias": {
                    "dev-master": "1.0-dev"
                }
            },
            "autoload": {
                "psr-0": {
                    "Composer\\Installers\\": "src/"
                }
            },
            "notification-url": "https://packagist.org/downloads/",
            "license": [
                "MIT"
            ],
            "authors": [
                {
                    "name": "Kyle Robinson Young",
                    "email": "kyle@dontkry.com",
                    "homepage": "https://github.com/shama",
                    "role": "Developer"
                }
            ],
            "description": "A multi-framework Composer library installer",
            "homepage": "http://composer.github.com/installers/",
            "keywords": [
                "Craft",
                "Hurad",
                "MODX Evo",
                "OXID",
                "WolfCMS",
                "agl",
                "annotatecms",
                "cakephp",
                "codeigniter",
                "concrete5",
                "croogo",
                "drupal",
                "elgg",
                "fuelphp",
                "installer",
                "joomla",
                "kohana",
                "laravel",
                "lithium",
                "magento",
                "mako",
                "mediawiki",
                "modulework",
                "phpbb",
                "piwik",
                "ppi",
                "roundcube",
                "shopware",
                "silverstripe",
                "symfony",
                "typo3",
                "wordpress",
                "zend",
                "zikula"
            ],
            "time": "2014-05-07 15:43:15"
        },
        {
            "name": "jeffwhitfield/silverstripe-bootstrap-theme",
            "version": "dev-master",
            "source": {
                "type": "git",
                "url": "https://github.com/jeffwhitfield/silverstripe-bootstrap-theme.git",
                "reference": "3fc329974b150d0c9ead7c51ac5c73d4e1023737"
            },
            "dist": {
                "type": "zip",
                "url": "https://api.github.com/repos/jeffwhitfield/silverstripe-bootstrap-theme/zipball/3fc329974b150d0c9ead7c51ac5c73d4e1023737",
                "reference": "3fc329974b150d0c9ead7c51ac5c73d4e1023737",
                "shasum": ""
            },
            "require": {
                "composer/installers": "*",
                "silverstripe/framework": ">=3.0"
            },
            "replace": {
                "jeffwhitfield/silverstripe-bootstrap-theme": "*"
            },
            "type": "silverstripe-theme",
            "extra": {
                "installer-name": "bootstrap"
            },
            "notification-url": "https://packagist.org/downloads/",
            "license": [
                "Apache-2.0"
            ],
            "authors": [
                {
                    "name": "Jeff Whitfield",
                    "homepage": "http://thejeffwhitfield.com"
                }
            ],
            "description": "A SilverStripe Bootstrap theme that incorporates HTML5 Boilerplate, Twitter Bootstrap, and Font Awesome",
            "keywords": [
                "silverstripe",
                "theme"
            ],
            "time": "2014-02-28 21:39:53"
        },
        {
            "name": "silverstripe-themes/blackcandy",
            "version": "dev-master",
            "source": {
                "type": "git",
                "url": "https://github.com/silverstripe-themes/silverstripe-blackcandy.git",
                "reference": "452e93237140fda9e13954e82863188df46211c9"
            },
            "dist": {
                "type": "zip",
                "url": "https://api.github.com/repos/silverstripe-themes/silverstripe-blackcandy/zipball/452e93237140fda9e13954e82863188df46211c9",
                "reference": "452e93237140fda9e13954e82863188df46211c9",
                "shasum": ""
            },
            "require": {
                "composer/installers": "*"
            },
            "type": "silverstripe-theme",
            "notification-url": "https://packagist.org/downloads/",
            "license": [
                "BSD-3-Clause"
            ],
            "authors": [
                {
                    "name": "SilverStripe",
                    "homepage": "http://www.silverstripe.org"
                }
            ],
            "description": "The SilverStripe BlackCandy Theme (default SilverStripe 2.x theme)",
            "keywords": [
                "silverstripe",
                "theme"
            ],
            "time": "2012-11-02 17:46:28"
        },
        {
            "name": "silverstripe-themes/simple",
            "version": "dev-master",
            "source": {
                "type": "git",
                "url": "https://github.com/silverstripe-themes/silverstripe-simple.git",
                "reference": "84c1215f914b8c20f924202a2ace2812f28d6c0a"
            },
            "dist": {
                "type": "zip",
                "url": "https://api.github.com/repos/silverstripe-themes/silverstripe-simple/zipball/84c1215f914b8c20f924202a2ace2812f28d6c0a",
                "reference": "84c1215f914b8c20f924202a2ace2812f28d6c0a",
                "shasum": ""
            },
            "require": {
                "composer/installers": "*",
                "silverstripe/framework": ">=3.0"
            },
            "type": "silverstripe-theme",
            "notification-url": "https://packagist.org/downloads/",
            "license": [
                "BSD-3-Clause"
            ],
            "authors": [
                {
                    "name": "Sara Tušar (Innovaif)",
                    "homepage": "http://www.saratusar.com"
                }
            ],
            "description": "The SilverStripe simple theme (default SilverStripe 3 theme)",
            "keywords": [
                "silverstripe",
                "theme"
            ],
            "time": "2013-10-15 22:16:12"
        },
        {
            "name": "silverstripe/blog",
            "version": "dev-master",
            "source": {
                "type": "git",
                "url": "https://github.com/silverstripe/silverstripe-blog.git",
                "reference": "067003a6c313267cc61ebce1240f906d695c75b3"
            },
            "dist": {
                "type": "zip",
                "url": "https://api.github.com/repos/silverstripe/silverstripe-blog/zipball/067003a6c313267cc61ebce1240f906d695c75b3",
                "reference": "067003a6c313267cc61ebce1240f906d695c75b3",
                "shasum": ""
            },
            "require": {
                "silverstripe/cms": "~3.1"
            },
            "suggest": {
                "silverstripe/comments": "Enable user comments on any page type, including blog posts",
                "silverstripe/widgets": "Additional 'sidebar features', e.g. a list of recent posts and a tagcloud",
                "simplepie/simplepie": "Parse RSS feeds, required for the RSS widget"
            },
            "type": "silverstripe-module",
            "notification-url": "https://packagist.org/downloads/",
            "authors": [
                {
                    "name": "Saophalkun Ponlu",
                    "email": "phalkunz@silverstripe.com"
                },
                {
                    "name": "Carlos Barberis",
                    "email": "carlos@silverstripe.com"
                }
            ],
            "description": "The blog module allows you to post blogs on your SilverStripe. It includes the ability to post blogs using a site front-end form. Blogs are summarised on the blog holder page type, with more detail viewable when a specific blog is clicked.",
            "keywords": [
                "blog",
                "silverstripe"
            ],
            "time": "2014-03-22 10:49:11"
        },
        {
            "name": "silverstripe/cms",
            "version": "3.1.5",
            "source": {
                "type": "git",
                "url": "https://github.com/silverstripe/silverstripe-cms.git",
                "reference": "3033d454982c5fac5a2089842e767e8866f05737"
            },
            "dist": {
                "type": "zip",
                "url": "https://api.github.com/repos/silverstripe/silverstripe-cms/zipball/3033d454982c5fac5a2089842e767e8866f05737",
                "reference": "3033d454982c5fac5a2089842e767e8866f05737",
                "shasum": ""
            },
            "require": {
                "composer/installers": "*",
                "php": ">=5.3.2",
                "silverstripe/framework": "3.1.*"
            },
            "type": "silverstripe-module",
            "autoload": {
                "classmap": [
                    "tests/behat/"
                ]
            },
            "notification-url": "https://packagist.org/downloads/",
            "license": [
                "BSD-3-Clause"
            ],
            "authors": [
                {
                    "name": "SilverStripe",
                    "homepage": "http://silverstripe.com"
                },
                {
                    "name": "The SilverStripe Community",
                    "homepage": "http://silverstripe.org"
                }
            ],
            "description": "The SilverStripe Content Management System",
            "homepage": "http://silverstripe.org",
            "keywords": [
                "cms",
                "silverstripe"
            ],
            "time": "2014-05-12 23:13:44"
        },
        {
            "name": "silverstripe/framework",
            "version": "3.1.5",
            "source": {
                "type": "git",
                "url": "https://github.com/silverstripe/silverstripe-framework.git",
                "reference": "830c10704c98862609dea94400ff48524dffa676"
            },
            "dist": {
                "type": "zip",
                "url": "https://api.github.com/repos/silverstripe/silverstripe-framework/zipball/830c10704c98862609dea94400ff48524dffa676",
                "reference": "830c10704c98862609dea94400ff48524dffa676",
                "shasum": ""
            },
            "require": {
                "composer/installers": "*",
                "php": ">=5.3.2"
            },
            "require-dev": {
                "phpunit/phpunit": "~3.7@stable"
            },
            "type": "silverstripe-module",
            "autoload": {
                "classmap": [
                    "tests/behat/features/bootstrap"
                ]
            },
            "notification-url": "https://packagist.org/downloads/",
            "license": [
                "BSD-3-Clause"
            ],
            "authors": [
                {
                    "name": "SilverStripe",
                    "homepage": "http://silverstripe.com"
                },
                {
                    "name": "The SilverStripe Community",
                    "homepage": "http://silverstripe.org"
                }
            ],
            "description": "The SilverStripe framework",
            "homepage": "http://silverstripe.org",
            "keywords": [
                "framework",
                "silverstripe"
            ],
            "time": "2014-05-13 03:06:43"
        },
        {
            "name": "silverstripe/googlesitemaps",
            "version": "dev-master",
            "source": {
                "type": "git",
                "url": "https://github.com/silverstripe-labs/silverstripe-googlesitemaps.git",
                "reference": "3b3742a1bc2cc14a1950304bc7dd533f9c66edbf"
            },
            "dist": {
                "type": "zip",
                "url": "https://api.github.com/repos/silverstripe-labs/silverstripe-googlesitemaps/zipball/3b3742a1bc2cc14a1950304bc7dd533f9c66edbf",
                "reference": "3b3742a1bc2cc14a1950304bc7dd533f9c66edbf",
                "shasum": ""
            },
            "require": {
                "silverstripe/framework": "~3.1"
            },
            "type": "silverstripe-module",
            "notification-url": "https://packagist.org/downloads/",
            "license": [
                "BSD"
            ],
            "authors": [
                {
                    "name": "Will Rossiter",
                    "email": "will@fullscreen.io",
                    "homepage": "http://wilr.github.com"
                }
            ],
            "description": "SilverStripe support for the Google Sitemaps XML system, enabling Google and other search engines to see all urls on your site. This helps your SilverStripe website rank well in search engines, and to encourage the information on your site to be discovered by Google quickly.",
            "homepage": "https://github.com/silverstripe-labs/silverstripe-googlesitemaps",
            "keywords": [
                "googlesitemaps",
                "seo",
                "silverstripe"
            ],
            "time": "2014-01-28 04:41:57"
        },
        {
            "name": "unclecheese/eventcalendar",
            "version": "dev-master",
            "source": {
                "type": "git",
                "url": "https://github.com/unclecheese/silverstripe-event-calendar.git",
                "reference": "50c587dbc5002cf4588375207fe66cbf003b42fb"
            },
            "dist": {
                "type": "zip",
                "url": "https://api.github.com/repos/unclecheese/silverstripe-event-calendar/zipball/50c587dbc5002cf4588375207fe66cbf003b42fb",
                "reference": "50c587dbc5002cf4588375207fe66cbf003b42fb",
                "shasum": ""
            },
            "require": {
                "php": ">=5.3.2",
                "silverstripe/cms": ">=3.1",
                "silverstripe/framework": ">=3.1"
            },
            "replace": {
                "silverstripe/event-calendar": "*"
            },
            "type": "silverstripe-module",
            "extra": {
                "installer-name": "event_calendar"
            },
            "notification-url": "https://packagist.org/downloads/",
            "license": [
                "BSD-3-Clause"
            ],
            "authors": [
                {
                    "name": "Aaron Carlino",
                    "homepage": "http://leftandmain.com"
                }
            ],
            "description": "Event Calendar for the SilverStripe CMS",
            "keywords": [
                "events",
                "silverstripe"
            ],
            "time": "2014-05-21 21:46:33"
        }
    ],
    "packages-dev": [

    ],
    "aliases": [

    ],
    "minimum-stability": "dev",
    "stability-flags": {
        "jeffwhitfield/silverstripe-bootstrap-theme": 20,
        "silverstripe/blog": 20,
        "silverstripe-themes/blackcandy": 20,
        "unclecheese/eventcalendar": 20,
        "silverstripe/googlesitemaps": 20
    },
    "platform": {
        "php": ">=5.3.2"
    },
    "platform-dev": [

    ]
}
